{
  "name": "trashttpandas",
  "version": "2.0.0",
  "lockfileVersion": 2,
  "requires": true,
  "packages": {
    "": {
      "name": "trashttpandas",
      "version": "2.0.0",
      "license": "MIT",
      "dependencies": {
        "hono": "^3.3.4"
      },
      "devDependencies": {
        "@cloudflare/workers-types": "^4.20230801.0"
      }
    },
    "node_modules/@cloudflare/workers-types": {
      "version": "4.20230801.0",
      "resolved": "https://registry.npmjs.org/@cloudflare/workers-types/-/workers-types-4.20230801.0.tgz",
      "integrity": "sha512-RzRUR+J/T3h58qbTZHYntYsnZXu3JnrlZIhqP2hhdyfoZAZ/+ko4wX0foAqlYHi+kXWaWtySHBuMcx6ec6TXlQ==",
      "dev": true
    },
    "node_modules/hono": {
      "version": "3.3.4",
      "resolved": "https://registry.npmjs.org/hono/-/hono-3.3.4.tgz",
      "integrity": "sha512-lqvcsQrXS0bSydj/MkOXi3opAwrlauIjZefhXMMRj9prABfBWdrYHSrWk/xfxgxNPs4yuEMh2Z5zV0L2b1Jmdw==",
      "engines": {
        "node": ">=16.0.0"
      }
    }
  },
  "dependencies": {
    "@cloudflare/workers-types": {
      "version": "4.20230801.0",
      "resolved": "https://registry.npmjs.org/@cloudflare/workers-types/-/workers-types-4.20230801.0.tgz",
      "integrity": "sha512-RzRUR+J/T3h58qbTZHYntYsnZXu3JnrlZIhqP2hhdyfoZAZ/+ko4wX0foAqlYHi+kXWaWtySHBuMcx6ec6TXlQ==",
      "dev": true
    },
    "hono": {
      "version": "3.3.4",
      "resolved": "https://registry.npmjs.org/hono/-/hono-3.3.4.tgz",
      "integrity": "sha512-lqvcsQrXS0bSydj/MkOXi3opAwrlauIjZefhXMMRj9prABfBWdrYHSrWk/xfxgxNPs4yuEMh2Z5zV0L2b1Jmdw=="
    }
  }
}
