{
  "name": "trashttpandas",
  "version": "2.0.0",
  "lockfileVersion": 2,
  "requires": true,
  "packages": {
    "": {
      "name": "trashttpandas",
      "version": "2.0.0",
      "license": "MIT",
      "dependencies": {
        "hono": "^3.10.1"
      },
      "devDependencies": {
        "@cloudflare/workers-types": "^4.20231025.0"
      }
    },
    "node_modules/@cloudflare/workers-types": {
      "version": "4.20231025.0",
      "resolved": "https://registry.npmjs.org/@cloudflare/workers-types/-/workers-types-4.20231025.0.tgz",
      "integrity": "sha512-TkcZkntUTOcvJ4vgmwpNfLTclpMbmbClZCe62B25/VTukmyv91joRa4eKzSjzCZUXTbFHNmVdOpmGaaJU2U3+A==",
      "dev": true
    },
    "node_modules/hono": {
      "version": "3.10.1",
      "resolved": "https://registry.npmjs.org/hono/-/hono-3.10.1.tgz",
      "integrity": "sha512-4jPKCmYWLAoCMpmvOU+xNOQYdcNftip7sM/IsO8EPyGAtjk9fGNyUchG6huSzLrY449WDNGFPetVs5doepNnlA==",
      "engines": {
        "node": ">=16.0.0"
      }
    }
  },
  "dependencies": {
    "@cloudflare/workers-types": {
      "version": "4.20231025.0",
      "resolved": "https://registry.npmjs.org/@cloudflare/workers-types/-/workers-types-4.20231025.0.tgz",
      "integrity": "sha512-TkcZkntUTOcvJ4vgmwpNfLTclpMbmbClZCe62B25/VTukmyv91joRa4eKzSjzCZUXTbFHNmVdOpmGaaJU2U3+A==",
      "dev": true
    },
    "hono": {
      "version": "3.10.1",
      "resolved": "https://registry.npmjs.org/hono/-/hono-3.10.1.tgz",
      "integrity": "sha512-4jPKCmYWLAoCMpmvOU+xNOQYdcNftip7sM/IsO8EPyGAtjk9fGNyUchG6huSzLrY449WDNGFPetVs5doepNnlA=="
    }
  }
}
