{
  "name": "trashttpandas",
  "version": "2.0.0",
  "lockfileVersion": 2,
  "requires": true,
  "packages": {
    "": {
      "name": "trashttpandas",
      "version": "2.0.0",
      "license": "MIT",
      "dependencies": {
        "hono": "^2.0.0"
      }
    },
    "node_modules/hono": {
      "version": "2.0.0",
      "resolved": "https://registry.npmjs.org/hono/-/hono-2.0.0.tgz",
      "integrity": "sha512-Y7VWlWYLv122H/yyQ40Inc6j6Kc3FqUn3pgHVEYON7dUGYpB3mf4CZV6QVRuq1z6V54whcIVRkKfnqLGMVsZlg==",
      "engines": {
        "node": ">=11.0.0"
      }
    }
  },
  "dependencies": {
    "hono": {
      "version": "2.0.0",
      "resolved": "https://registry.npmjs.org/hono/-/hono-2.0.0.tgz",
      "integrity": "sha512-Y7VWlWYLv122H/yyQ40Inc6j6Kc3FqUn3pgHVEYON7dUGYpB3mf4CZV6QVRuq1z6V54whcIVRkKfnqLGMVsZlg=="
    }
  }
}
